
Microsoft Visual Studio Solution File, Format Version 12.00
# Visual Studio Version 16
VisualStudioVersion = 16.0.32002.261
MinimumVisualStudioVersion = 10.0.40219.1
Project("{FAE04EC0-301F-11D3-BF4B-00C04F79EFBC}") = "TTCS_Bai1", "TTCS_Bai1\TTCS_Bai1.csproj", "{66977323-2289-4285-BB47-104BD29976FD}"
EndProject
Global
	GlobalSection(SolutionConfigurationPlatforms) = preSolution
		Debug|Any CPU = Debug|Any CPU
		Release|Any CPU = Release|Any CPU
	EndGlobalSection
	GlobalSection(ProjectConfigurationPlatforms) = postSolution
		{66977323-2289-4285-BB47-104BD29976FD}.Debug|Any CPU.ActiveCfg = Debug|Any CPU
		{66977323-2289-4285-BB47-104BD29976FD}.Debug|Any CPU.Build.0 = Debug|Any CPU
		{66977323-2289-4285-BB47-104BD29976FD}.Release|Any CPU.ActiveCfg = Release|Any CPU
		{66977323-2289-4285-BB47-104BD29976FD}.Release|Any CPU.Build.0 = Release|Any CPU
	EndGlobalSection
	GlobalSection(SolutionProperties) = preSolution
		HideSolutionNode = FALSE
	EndGlobalSection
	GlobalSection(ExtensibilityGlobals) = postSolution
		SolutionGuid = {375C8819-2C48-43D3-963E-B7016293FB01}
	EndGlobalSection
EndGlobal
